
Microsoft Visual Studio Solution File, Format Version 12.00
# Visual Studio Version 16
VisualStudioVersion = 16.0.30011.22
MinimumVisualStudioVersion = 10.0.40219.1
Project("{9A19103F-16F7-4668-BE54-9A1E7A4F7556}") = "eatOrder.blazor", "eatOrder.blazor\eatOrder.blazor.csproj", "{8A509E42-33E4-4380-AB62-0FDF5AC85EE4}"
EndProject
Project("{9A19103F-16F7-4668-BE54-9A1E7A4F7556}") = "eatOrder.data", "eatOrder.data\eatOrder.data.csproj", "{3BAA648F-2D24-4A3F-A48C-690DCE9F9978}"
EndProject
Project("{9A19103F-16F7-4668-BE54-9A1E7A4F7556}") = "eatOrder.cmd", "eatOrder.cmd\eatOrder.cmd.csproj", "{3522D98E-B83D-4872-820B-6BDF7D03212B}"
EndProject
Project("{FAE04EC0-301F-11D3-BF4B-00C04F79EFBC}") = "eatOrder.android", "eatOrder.android\eatOrder.android.csproj", "{793060F4-820D-4F4E-A492-18290F5C67BE}"
EndProject
Global
	GlobalSection(SolutionConfigurationPlatforms) = preSolution
		Debug|Any CPU = Debug|Any CPU
		Release|Any CPU = Release|Any CPU
	EndGlobalSection
	GlobalSection(ProjectConfigurationPlatforms) = postSolution
		{8A509E42-33E4-4380-AB62-0FDF5AC85EE4}.Debug|Any CPU.ActiveCfg = Debug|Any CPU
		{8A509E42-33E4-4380-AB62-0FDF5AC85EE4}.Debug|Any CPU.Build.0 = Debug|Any CPU
		{8A509E42-33E4-4380-AB62-0FDF5AC85EE4}.Release|Any CPU.ActiveCfg = Release|Any CPU
		{8A509E42-33E4-4380-AB62-0FDF5AC85EE4}.Release|Any CPU.Build.0 = Release|Any CPU
		{3BAA648F-2D24-4A3F-A48C-690DCE9F9978}.Debug|Any CPU.ActiveCfg = Debug|Any CPU
		{3BAA648F-2D24-4A3F-A48C-690DCE9F9978}.Debug|Any CPU.Build.0 = Debug|Any CPU
		{3BAA648F-2D24-4A3F-A48C-690DCE9F9978}.Release|Any CPU.ActiveCfg = Release|Any CPU
		{3BAA648F-2D24-4A3F-A48C-690DCE9F9978}.Release|Any CPU.Build.0 = Release|Any CPU
		{3522D98E-B83D-4872-820B-6BDF7D03212B}.Debug|Any CPU.ActiveCfg = Debug|Any CPU
		{3522D98E-B83D-4872-820B-6BDF7D03212B}.Debug|Any CPU.Build.0 = Debug|Any CPU
		{3522D98E-B83D-4872-820B-6BDF7D03212B}.Release|Any CPU.ActiveCfg = Release|Any CPU
		{3522D98E-B83D-4872-820B-6BDF7D03212B}.Release|Any CPU.Build.0 = Release|Any CPU
		{793060F4-820D-4F4E-A492-18290F5C67BE}.Debug|Any CPU.ActiveCfg = Debug|Any CPU
		{793060F4-820D-4F4E-A492-18290F5C67BE}.Debug|Any CPU.Build.0 = Debug|Any CPU
		{793060F4-820D-4F4E-A492-18290F5C67BE}.Debug|Any CPU.Deploy.0 = Debug|Any CPU
		{793060F4-820D-4F4E-A492-18290F5C67BE}.Release|Any CPU.ActiveCfg = Release|Any CPU
		{793060F4-820D-4F4E-A492-18290F5C67BE}.Release|Any CPU.Build.0 = Release|Any CPU
		{793060F4-820D-4F4E-A492-18290F5C67BE}.Release|Any CPU.Deploy.0 = Release|Any CPU
	EndGlobalSection
	GlobalSection(SolutionProperties) = preSolution
		HideSolutionNode = FALSE
	EndGlobalSection
	GlobalSection(ExtensibilityGlobals) = postSolution
		SolutionGuid = {6D4891BB-23E0-40C1-A4B6-A6E4BC5CA445}
	EndGlobalSection
EndGlobal
