
Microsoft Visual Studio Solution File, Format Version 12.00
# Visual Studio Version 16
VisualStudioVersion = 16.0.30011.22
MinimumVisualStudioVersion = 10.0.40219.1
Project("{FAE04EC0-301F-11D3-BF4B-00C04F79EFBC}") = "eatOrder.blazor", "eatOrder.blazor\eatOrder.blazor.csproj", "{8A509E42-33E4-4380-AB62-0FDF5AC85EE4}"
EndProject
Project("{FAE04EC0-301F-11D3-BF4B-00C04F79EFBC}") = "eatOrder.data", "eatOrder.data\eatOrder.data.csproj", "{3BAA648F-2D24-4A3F-A48C-690DCE9F9978}"
EndProject
Global
	GlobalSection(SolutionConfigurationPlatforms) = preSolution
		Debug|Any CPU = Debug|Any CPU
		Release|Any CPU = Release|Any CPU
	EndGlobalSection
	GlobalSection(ProjectConfigurationPlatforms) = postSolution
		{8A509E42-33E4-4380-AB62-0FDF5AC85EE4}.Debug|Any CPU.ActiveCfg = Debug|Any CPU
		{8A509E42-33E4-4380-AB62-0FDF5AC85EE4}.Debug|Any CPU.Build.0 = Debug|Any CPU
		{8A509E42-33E4-4380-AB62-0FDF5AC85EE4}.Release|Any CPU.ActiveCfg = Release|Any CPU
		{8A509E42-33E4-4380-AB62-0FDF5AC85EE4}.Release|Any CPU.Build.0 = Release|Any CPU
		{3BAA648F-2D24-4A3F-A48C-690DCE9F9978}.Debug|Any CPU.ActiveCfg = Debug|Any CPU
		{3BAA648F-2D24-4A3F-A48C-690DCE9F9978}.Debug|Any CPU.Build.0 = Debug|Any CPU
		{3BAA648F-2D24-4A3F-A48C-690DCE9F9978}.Release|Any CPU.ActiveCfg = Release|Any CPU
		{3BAA648F-2D24-4A3F-A48C-690DCE9F9978}.Release|Any CPU.Build.0 = Release|Any CPU
	EndGlobalSection
	GlobalSection(SolutionProperties) = preSolution
		HideSolutionNode = FALSE
	EndGlobalSection
	GlobalSection(ExtensibilityGlobals) = postSolution
		SolutionGuid = {6D4891BB-23E0-40C1-A4B6-A6E4BC5CA445}
	EndGlobalSection
EndGlobal
